// !$*UTF8*$!
{
	archiveVersion = 1;
	classes = {
	};
	objectVersion = 46;
	objects = {

/* Begin PBXBuildFile section */
		C03276E81B2BED8000E76202 /* MemeDetailViewController.swift in Sources */ = {isa = PBXBuildFile; fileRef = C03276E71B2BED8000E76202 /* MemeDetailViewController.swift */; };
		C058032F1B26A8A5008882B2 /* MemeEditorViewController.swift in Sources */ = {isa = PBXBuildFile; fileRef = C058032E1B26A8A5008882B2 /* MemeEditorViewController.swift */; };
		C05803311B294E72008882B2 /* TableViewCell.swift in Sources */ = {isa = PBXBuildFile; fileRef = C05803301B294E72008882B2 /* TableViewCell.swift */; };
		C05803331B2AA537008882B2 /* CollectionViewCell.swift in Sources */ = {isa = PBXBuildFile; fileRef = C05803321B2AA537008882B2 /* CollectionViewCell.swift */; };
		C0C8E1B41B2512AA0036BF2F /* AppDelegate.swift in Sources */ = {isa = PBXBuildFile; fileRef = C0C8E1B31B2512AA0036BF2F /* AppDelegate.swift */; };
		C0C8E1B61B2512AA0036BF2F /* TableViewController.swift in Sources */ = {isa = PBXBuildFile; fileRef = C0C8E1B51B2512AA0036BF2F /* TableViewController.swift */; };
		C0C8E1B81B2512AA0036BF2F /* CollectionViewController.swift in Sources */ = {isa = PBXBuildFile; fileRef = C0C8E1B71B2512AA0036BF2F /* CollectionViewController.swift */; };
		C0C8E1BB1B2512AA0036BF2F /* Main.storyboard in Resources */ = {isa = PBXBuildFile; fileRef = C0C8E1B91B2512AA0036BF2F /* Main.storyboard */; };
		C0C8E1BD1B2512AA0036BF2F /* Images.xcassets in Resources */ = {isa = PBXBuildFile; fileRef = C0C8E1BC1B2512AA0036BF2F /* Images.xcassets */; };
		C0C8E1C01B2512AA0036BF2F /* LaunchScreen.xib in Resources */ = {isa = PBXBuildFile; fileRef = C0C8E1BE1B2512AA0036BF2F /* LaunchScreen.xib */; };
		C0C8E1CC1B2512AB0036BF2F /* MemeMeTests.swift in Sources */ = {isa = PBXBuildFile; fileRef = C0C8E1CB1B2512AB0036BF2F /* MemeMeTests.swift */; };
		C0C8E1D61B251B250036BF2F /* Meme.swift in Sources */ = {isa = PBXBuildFile; fileRef = C0C8E1D51B251B250036BF2F /* Meme.swift */; };
/* End PBXBuildFile section */

/* Begin PBXContainerItemProxy section */
		C0C8E1C61B2512AB0036BF2F /* PBXContainerItemProxy */ = {
			isa = PBXContainerItemProxy;
			containerPortal = C0C8E1A61B2512AA0036BF2F /* Project object */;
			proxyType = 1;
			remoteGlobalIDString = C0C8E1AD1B2512AA0036BF2F;
			remoteInfo = MemeMe;
		};
/* End PBXContainerItemProxy section */

/* Begin PBXFileReference section */
		C03276E71B2BED8000E76202 /* MemeDetailViewController.swift */ = {isa = PBXFileReference; fileEncoding = 4; lastKnownFileType = sourcecode.swift; path = MemeDetailViewController.swift; sourceTree = "<group>"; };
		C058032E1B26A8A5008882B2 /* MemeEditorViewController.swift */ = {isa = PBXFileReference; fileEncoding = 4; lastKnownFileType = sourcecode.swift; path = MemeEditorViewController.swift; sourceTree = "<group>"; };
		C05803301B294E72008882B2 /* TableViewCell.swift */ = {isa = PBXFileReference; fileEncoding = 4; lastKnownFileType = sourcecode.swift; path = TableViewCell.swift; sourceTree = "<group>"; };
		C05803321B2AA537008882B2 /* CollectionViewCell.swift */ = {isa = PBXFileReference; fileEncoding = 4; lastKnownFileType = sourcecode.swift; name = CollectionViewCell.swift; path = ../CollectionViewCell.swift; sourceTree = "<group>"; };
		C0C8E1AE1B2512AA0036BF2F /* MemeMe.app */ = {isa = PBXFileReference; explicitFileType = wrapper.application; includeInIndex = 0; path = MemeMe.app; sourceTree = BUILT_PRODUCTS_DIR; };
		C0C8E1B21B2512AA0036BF2F /* Info.plist */ = {isa = PBXFileReference; lastKnownFileType = text.plist.xml; path = Info.plist; sourceTree = "<group>"; };
		C0C8E1B31B2512AA0036BF2F /* AppDelegate.swift */ = {isa = PBXFileReference; lastKnownFileType = sourcecode.swift; path = AppDelegate.swift; sourceTree = "<group>"; };
		C0C8E1B51B2512AA0036BF2F /* TableViewController.swift */ = {isa = PBXFileReference; lastKnownFileType = sourcecode.swift; path = TableViewController.swift; sourceTree = "<group>"; };
		C0C8E1B71B2512AA0036BF2F /* CollectionViewController.swift */ = {isa = PBXFileReference; lastKnownFileType = sourcecode.swift; path = CollectionViewController.swift; sourceTree = "<group>"; };
		C0C8E1BA1B2512AA0036BF2F /* Base */ = {isa = PBXFileReference; lastKnownFileType = file.storyboard; name = Base; path = Base.lproj/Main.storyboard; sourceTree = "<group>"; };
		C0C8E1BC1B2512AA0036BF2F /* Images.xcassets */ = {isa = PBXFileReference; lastKnownFileType = folder.assetcatalog; path = Images.xcassets; sourceTree = "<group>"; };
		C0C8E1BF1B2512AA0036BF2F /* Base */ = {isa = PBXFileReference; lastKnownFileType = file.xib; name = Base; path = Base.lproj/LaunchScreen.xib; sourceTree = "<group>"; };
		C0C8E1C51B2512AB0036BF2F /* MemeMeTests.xctest */ = {isa = PBXFileReference; explicitFileType = wrapper.cfbundle; includeInIndex = 0; path = MemeMeTests.xctest; sourceTree = BUILT_PRODUCTS_DIR; };
		C0C8E1CA1B2512AB0036BF2F /* Info.plist */ = {isa = PBXFileReference; lastKnownFileType = text.plist.xml; path = Info.plist; sourceTree = "<group>"; };
		C0C8E1CB1B2512AB0036BF2F /* MemeMeTests.swift */ = {isa = PBXFileReference; lastKnownFileType = sourcecode.swift; path = MemeMeTests.swift; sourceTree = "<group>"; };
		C0C8E1D51B251B250036BF2F /* Meme.swift */ = {isa = PBXFileReference; fileEncoding = 4; lastKnownFileType = sourcecode.swift; path = Meme.swift; sourceTree = "<group>"; };
/* End PBXFileReference section */

/* Begin PBXFrameworksBuildPhase section */
		C0C8E1AB1B2512AA0036BF2F /* Frameworks */ = {
			isa = PBXFrameworksBuildPhase;
			buildActionMask = 2147483647;
			files = (
			);
			runOnlyForDeploymentPostprocessing = 0;
		};
		C0C8E1C21B2512AB0036BF2F /* Frameworks */ = {
			isa = PBXFrameworksBuildPhase;
			buildActionMask = 2147483647;
			files = (
			);
			runOnlyForDeploymentPostprocessing = 0;
		};
/* End PBXFrameworksBuildPhase section */

/* Begin PBXGroup section */
		C0C8E1A51B2512AA0036BF2F = {
			isa = PBXGroup;
			children = (
				C0C8E1B01B2512AA0036BF2F /* MemeMe */,
				C0C8E1C81B2512AB0036BF2F /* MemeMeTests */,
				C0C8E1AF1B2512AA0036BF2F /* Products */,
			);
			sourceTree = "<group>";
		};
		C0C8E1AF1B2512AA0036BF2F /* Products */ = {
			isa = PBXGroup;
			children = (
				C0C8E1AE1B2512AA0036BF2F /* MemeMe.app */,
				C0C8E1C51B2512AB0036BF2F /* MemeMeTests.xctest */,
			);
			name = Products;
			sourceTree = "<group>";
		};
		C0C8E1B01B2512AA0036BF2F /* MemeMe */ = {
			isa = PBXGroup;
			children = (
				C0C8E1B31B2512AA0036BF2F /* AppDelegate.swift */,
				C0C8E1D51B251B250036BF2F /* Meme.swift */,
				C0C8E1B71B2512AA0036BF2F /* CollectionViewController.swift */,
				C05803321B2AA537008882B2 /* CollectionViewCell.swift */,
				C0C8E1B51B2512AA0036BF2F /* TableViewController.swift */,
				C05803301B294E72008882B2 /* TableViewCell.swift */,
				C058032E1B26A8A5008882B2 /* MemeEditorViewController.swift */,
				C03276E71B2BED8000E76202 /* MemeDetailViewController.swift */,
				C0C8E1B91B2512AA0036BF2F /* Main.storyboard */,
				C0C8E1BE1B2512AA0036BF2F /* LaunchScreen.xib */,
				C0C8E1BC1B2512AA0036BF2F /* Images.xcassets */,
				C0C8E1B11B2512AA0036BF2F /* Supporting Files */,
			);
			path = MemeMe;
			sourceTree = "<group>";
		};
		C0C8E1B11B2512AA0036BF2F /* Supporting Files */ = {
			isa = PBXGroup;
			children = (
				C0C8E1B21B2512AA0036BF2F /* Info.plist */,
			);
			name = "Supporting Files";
			sourceTree = "<group>";
		};
		C0C8E1C81B2512AB0036BF2F /* MemeMeTests */ = {
			isa = PBXGroup;
			children = (
				C0C8E1CB1B2512AB0036BF2F /* MemeMeTests.swift */,
				C0C8E1C91B2512AB0036BF2F /* Supporting Files */,
			);
			path = MemeMeTests;
			sourceTree = "<group>";
		};
		C0C8E1C91B2512AB0036BF2F /* Supporting Files */ = {
			isa = PBXGroup;
			children = (
				C0C8E1CA1B2512AB0036BF2F /* Info.plist */,
			);
			name = "Supporting Files";
			sourceTree = "<group>";
		};
/* End PBXGroup section */

/* Begin PBXNativeTarget section */
		C0C8E1AD1B2512AA0036BF2F /* MemeMe */ = {
			isa = PBXNativeTarget;
			buildConfigurationList = C0C8E1CF1B2512AB0036BF2F /* Build configuration list for PBXNativeTarget "MemeMe" */;
			buildPhases = (
				C0C8E1AA1B2512AA0036BF2F /* Sources */,
				C0C8E1AB1B2512AA0036BF2F /* Frameworks */,
				C0C8E1AC1B2512AA0036BF2F /* Resources */,
			);
			buildRules = (
			);
			dependencies = (
			);
			name = MemeMe;
			productName = MemeMe;
			productReference = C0C8E1AE1B2512AA0036BF2F /* MemeMe.app */;
			productType = "com.apple.product-type.application";
		};
		C0C8E1C41B2512AB0036BF2F /* MemeMeTests */ = {
			isa = PBXNativeTarget;
			buildConfigurationList = C0C8E1D21B2512AB0036BF2F /* Build configuration list for PBXNativeTarget "MemeMeTests" */;
			buildPhases = (
				C0C8E1C11B2512AB0036BF2F /* Sources */,
				C0C8E1C21B2512AB0036BF2F /* Frameworks */,
				C0C8E1C31B2512AB0036BF2F /* Resources */,
			);
			buildRules = (
			);
			dependencies = (
				C0C8E1C71B2512AB0036BF2F /* PBXTargetDependency */,
			);
			name = MemeMeTests;
			productName = MemeMeTests;
			productReference = C0C8E1C51B2512AB0036BF2F /* MemeMeTests.xctest */;
			productType = "com.apple.product-type.bundle.unit-test";
		};
/* End PBXNativeTarget section */

/* Begin PBXProject section */
		C0C8E1A61B2512AA0036BF2F /* Project object */ = {
			isa = PBXProject;
			attributes = {
				LastUpgradeCheck = 0630;
				ORGANIZATIONNAME = "Laurent Nicolas";
				TargetAttributes = {
					C0C8E1AD1B2512AA0036BF2F = {
						CreatedOnToolsVersion = 6.3.2;
					};
					C0C8E1C41B2512AB0036BF2F = {
						CreatedOnToolsVersion = 6.3.2;
						TestTargetID = C0C8E1AD1B2512AA0036BF2F;
					};
				};
			};
			buildConfigurationList = C0C8E1A91B2512AA0036BF2F /* Build configuration list for PBXProject "MemeMe" */;
			compatibilityVersion = "Xcode 3.2";
			developmentRegion = English;
			hasScannedForEncodings = 0;
			knownRegions = (
				en,
				Base,
			);
			mainGroup = C0C8E1A51B2512AA0036BF2F;
			productRefGroup = C0C8E1AF1B2512AA0036BF2F /* Products */;
			projectDirPath = "";
			projectRoot = "";
			targets = (
				C0C8E1AD1B2512AA0036BF2F /* MemeMe */,
				C0C8E1C41B2512AB0036BF2F /* MemeMeTests */,
			);
		};
/* End PBXProject section */

/* Begin PBXResourcesBuildPhase section */
		C0C8E1AC1B2512AA0036BF2F /* Resources */ = {
			isa = PBXResourcesBuildPhase;
			buildActionMask = 2147483647;
			files = (
				C0C8E1BB1B2512AA0036BF2F /* Main.storyboard in Resources */,
				C0C8E1C01B2512AA0036BF2F /* LaunchScreen.xib in Resources */,
				C0C8E1BD1B2512AA0036BF2F /* Images.xcassets in Resources */,
			);
			runOnlyForDeploymentPostprocessing = 0;
		};
		C0C8E1C31B2512AB0036BF2F /* Resources */ = {
			isa = PBXResourcesBuildPhase;
			buildActionMask = 2147483647;
			files = (
			);
			runOnlyForDeploymentPostprocessing = 0;
		};
/* End PBXResourcesBuildPhase section */

/* Begin PBXSourcesBuildPhase section */
		C0C8E1AA1B2512AA0036BF2F /* Sources */ = {
			isa = PBXSourcesBuildPhase;
			buildActionMask = 2147483647;
			files = (
				C0C8E1B81B2512AA0036BF2F /* CollectionViewController.swift in Sources */,
				C0C8E1D61B251B250036BF2F /* Meme.swift in Sources */,
				C0C8E1B41B2512AA0036BF2F /* AppDelegate.swift in Sources */,
				C05803331B2AA537008882B2 /* CollectionViewCell.swift in Sources */,
				C05803311B294E72008882B2 /* TableViewCell.swift in Sources */,
				C0C8E1B61B2512AA0036BF2F /* TableViewController.swift in Sources */,
				C058032F1B26A8A5008882B2 /* MemeEditorViewController.swift in Sources */,
				C03276E81B2BED8000E76202 /* MemeDetailViewController.swift in Sources */,
			);
			runOnlyForDeploymentPostprocessing = 0;
		};
		C0C8E1C11B2512AB0036BF2F /* Sources */ = {
			isa = PBXSourcesBuildPhase;
			buildActionMask = 2147483647;
			files = (
				C0C8E1CC1B2512AB0036BF2F /* MemeMeTests.swift in Sources */,
			);
			runOnlyForDeploymentPostprocessing = 0;
		};
/* End PBXSourcesBuildPhase section */

/* Begin PBXTargetDependency section */
		C0C8E1C71B2512AB0036BF2F /* PBXTargetDependency */ = {
			isa = PBXTargetDependency;
			target = C0C8E1AD1B2512AA0036BF2F /* MemeMe */;
			targetProxy = C0C8E1C61B2512AB0036BF2F /* PBXContainerItemProxy */;
		};
/* End PBXTargetDependency section */

/* Begin PBXVariantGroup section */
		C0C8E1B91B2512AA0036BF2F /* Main.storyboard */ = {
			isa = PBXVariantGroup;
			children = (
				C0C8E1BA1B2512AA0036BF2F /* Base */,
			);
			name = Main.storyboard;
			sourceTree = "<group>";
		};
		C0C8E1BE1B2512AA0036BF2F /* LaunchScreen.xib */ = {
			isa = PBXVariantGroup;
			children = (
				C0C8E1BF1B2512AA0036BF2F /* Base */,
			);
			name = LaunchScreen.xib;
			sourceTree = "<group>";
		};
/* End PBXVariantGroup section */

/* Begin XCBuildConfiguration section */
		C0C8E1CD1B2512AB0036BF2F /* Debug */ = {
			isa = XCBuildConfiguration;
			buildSettings = {
				ALWAYS_SEARCH_USER_PATHS = NO;
				CLANG_CXX_LANGUAGE_STANDARD = "gnu++0x";
				CLANG_CXX_LIBRARY = "libc++";
				CLANG_ENABLE_MODULES = YES;
				CLANG_ENABLE_OBJC_ARC = YES;
				CLANG_WARN_BOOL_CONVERSION = YES;
				CLANG_WARN_CONSTANT_CONVERSION = YES;
				CLANG_WARN_DIRECT_OBJC_ISA_USAGE = YES_ERROR;
				CLANG_WARN_EMPTY_BODY = YES;
				CLANG_WARN_ENUM_CONVERSION = YES;
				CLANG_WARN_INT_CONVERSION = YES;
				CLANG_WARN_OBJC_ROOT_CLASS = YES_ERROR;
				CLANG_WARN_UNREACHABLE_CODE = YES;
				CLANG_WARN__DUPLICATE_METHOD_MATCH = YES;
				"CODE_SIGN_IDENTITY[sdk=iphoneos*]" = "iPhone Developer";
				COPY_PHASE_STRIP = NO;
				DEBUG_INFORMATION_FORMAT = "dwarf-with-dsym";
				ENABLE_STRICT_OBJC_MSGSEND = YES;
				GCC_C_LANGUAGE_STANDARD = gnu99;
				GCC_DYNAMIC_NO_PIC = NO;
				GCC_NO_COMMON_BLOCKS = YES;
				GCC_OPTIMIZATION_LEVEL = 0;
				GCC_PREPROCESSOR_DEFINITIONS = (
					"DEBUG=1",
					"$(inherited)",
				);
				GCC_SYMBOLS_PRIVATE_EXTERN = NO;
				GCC_WARN_64_TO_32_BIT_CONVERSION = YES;
				GCC_WARN_ABOUT_RETURN_TYPE = YES_ERROR;
				GCC_WARN_UNDECLARED_SELECTOR = YES;
				GCC_WARN_UNINITIALIZED_AUTOS = YES_AGGRESSIVE;
				GCC_WARN_UNUSED_FUNCTION = YES;
				GCC_WARN_UNUSED_VARIABLE = YES;
				IPHONEOS_DEPLOYMENT_TARGET = 8.3;
				MTL_ENABLE_DEBUG_INFO = YES;
				ONLY_ACTIVE_ARCH = YES;
				SDKROOT = iphoneos;
				SWIFT_OPTIMIZATION_LEVEL = "-Onone";
			};
			name = Debug;
		};
		C0C8E1CE1B2512AB0036BF2F /* Release */ = {
			isa = XCBuildConfiguration;
			buildSettings = {
				ALWAYS_SEARCH_USER_PATHS = NO;
				CLANG_CXX_LANGUAGE_STANDARD = "gnu++0x";
				CLANG_CXX_LIBRARY = "libc++";
				CLANG_ENABLE_MODULES = YES;
				CLANG_ENABLE_OBJC_ARC = YES;
				CLANG_WARN_BOOL_CONVERSION = YES;
				CLANG_WARN_CONSTANT_CONVERSION = YES;
				CLANG_WARN_DIRECT_OBJC_ISA_USAGE = YES_ERROR;
				CLANG_WARN_EMPTY_BODY = YES;
				CLANG_WARN_ENUM_CONVERSION = YES;
				CLANG_WARN_INT_CONVERSION = YES;
				CLANG_WARN_OBJC_ROOT_CLASS = YES_ERROR;
				CLANG_WARN_UNREACHABLE_CODE = YES;
				CLANG_WARN__DUPLICATE_METHOD_MATCH = YES;
				"CODE_SIGN_IDENTITY[sdk=iphoneos*]" = "iPhone Developer";
				COPY_PHASE_STRIP = NO;
				DEBUG_INFORMATION_FORMAT = "dwarf-with-dsym";
				ENABLE_NS_ASSERTIONS = NO;
				ENABLE_STRICT_OBJC_MSGSEND = YES;
				GCC_C_LANGUAGE_STANDARD = gnu99;
				GCC_NO_COMMON_BLOCKS = YES;
				GCC_WARN_64_TO_32_BIT_CONVERSION = YES;
				GCC_WARN_ABOUT_RETURN_TYPE = YES_ERROR;
				GCC_WARN_UNDECLARED_SELECTOR = YES;
				GCC_WARN_UNINITIALIZED_AUTOS = YES_AGGRESSIVE;
				GCC_WARN_UNUSED_FUNCTION = YES;
				GCC_WARN_UNUSED_VARIABLE = YES;
				IPHONEOS_DEPLOYMENT_TARGET = 8.3;
				MTL_ENABLE_DEBUG_INFO = NO;
				SDKROOT = iphoneos;
				VALIDATE_PRODUCT = YES;
			};
			name = Release;
		};
		C0C8E1D01B2512AB0036BF2F /* Debug */ = {
			isa = XCBuildConfiguration;
			buildSettings = {
				ASSETCATALOG_COMPILER_APPICON_NAME = AppIcon;
				INFOPLIST_FILE = MemeMe/Info.plist;
				LD_RUNPATH_SEARCH_PATHS = "$(inherited) @executable_path/Frameworks";
				PRODUCT_NAME = "$(TARGET_NAME)";
			};
			name = Debug;
		};
		C0C8E1D11B2512AB0036BF2F /* Release */ = {
			isa = XCBuildConfiguration;
			buildSettings = {
				ASSETCATALOG_COMPILER_APPICON_NAME = AppIcon;
				INFOPLIST_FILE = MemeMe/Info.plist;
				LD_RUNPATH_SEARCH_PATHS = "$(inherited) @executable_path/Frameworks";
				PRODUCT_NAME = "$(TARGET_NAME)";
			};
			name = Release;
		};
		C0C8E1D31B2512AB0036BF2F /* Debug */ = {
			isa = XCBuildConfiguration;
			buildSettings = {
				BUNDLE_LOADER = "$(TEST_HOST)";
				FRAMEWORK_SEARCH_PATHS = (
					"$(SDKROOT)/Developer/Library/Frameworks",
					"$(inherited)",
				);
				GCC_PREPROCESSOR_DEFINITIONS = (
					"DEBUG=1",
					"$(inherited)",
				);
				INFOPLIST_FILE = MemeMeTests/Info.plist;
				LD_RUNPATH_SEARCH_PATHS = "$(inherited) @executable_path/Frameworks @loader_path/Frameworks";
				PRODUCT_NAME = "$(TARGET_NAME)";
				TEST_HOST = "$(BUILT_PRODUCTS_DIR)/MemeMe.app/MemeMe";
			};
			name = Debug;
		};
		C0C8E1D41B2512AB0036BF2F /* Release */ = {
			isa = XCBuildConfiguration;
			buildSettings = {
				BUNDLE_LOADER = "$(TEST_HOST)";
				FRAMEWORK_SEARCH_PATHS = (
					"$(SDKROOT)/Developer/Library/Frameworks",
					"$(inherited)",
				);
				INFOPLIST_FILE = MemeMeTests/Info.plist;
				LD_RUNPATH_SEARCH_PATHS = "$(inherited) @executable_path/Frameworks @loader_path/Frameworks";
				PRODUCT_NAME = "$(TARGET_NAME)";
				TEST_HOST = "$(BUILT_PRODUCTS_DIR)/MemeMe.app/MemeMe";
			};
			name = Release;
		};
/* End XCBuildConfiguration section */

/* Begin XCConfigurationList section */
		C0C8E1A91B2512AA0036BF2F /* Build configuration list for PBXProject "MemeMe" */ = {
			isa = XCConfigurationList;
			buildConfigurations = (
				C0C8E1CD1B2512AB0036BF2F /* Debug */,
				C0C8E1CE1B2512AB0036BF2F /* Release */,
			);
			defaultConfigurationIsVisible = 0;
			defaultConfigurationName = Release;
		};
		C0C8E1CF1B2512AB0036BF2F /* Build configuration list for PBXNativeTarget "MemeMe" */ = {
			isa = XCConfigurationList;
			buildConfigurations = (
				C0C8E1D01B2512AB0036BF2F /* Debug */,
				C0C8E1D11B2512AB0036BF2F /* Release */,
			);
			defaultConfigurationIsVisible = 0;
			defaultConfigurationName = Release;
		};
		C0C8E1D21B2512AB0036BF2F /* Build configuration list for PBXNativeTarget "MemeMeTests" */ = {
			isa = XCConfigurationList;
			buildConfigurations = (
				C0C8E1D31B2512AB0036BF2F /* Debug */,
				C0C8E1D41B2512AB0036BF2F /* Release */,
			);
			defaultConfigurationIsVisible = 0;
			defaultConfigurationName = Release;
		};
/* End XCConfigurationList section */
	};
	rootObject = C0C8E1A61B2512AA0036BF2F /* Project object */;
}
